
Microsoft Visual Studio Solution File, Format Version 12.00
# Visual Studio Version 17
VisualStudioVersion = 17.5.002.0
MinimumVisualStudioVersion = 10.0.40219.1
Project("{2150E333-8FDC-42A3-9474-1A3956D46DE8}") = "Assignment1Solution", "Assignment1Solution", "{DF92D355-F8BF-4BF0-8910-E15FA336AC98}"
EndProject
Project("{9A19103F-16F7-4668-BE54-9A1E7A4F7556}") = "CMS.Application", "Assignment1Solution\CMS.Application\CMS.Application.csproj", "{EC4FF026-DAB9-48F7-A895-6FDDBC3F6E8A}"
EndProject
Project("{9A19103F-16F7-4668-BE54-9A1E7A4F7556}") = "CMS.UI.Display", "Assignment1Solution\CMS.UI.Display\CMS.UI.Display.csproj", "{821B8C3A-3F3C-4E96-8875-507439A6AEDE}"
EndProject
Project("{9A19103F-16F7-4668-BE54-9A1E7A4F7556}") = "CMS.UI.Models", "Assignment1Solution\CMS.UI.Models\CMS.UI.Models.csproj", "{9FD5EFEB-C47D-457F-9C44-7CEF62F95AB9}"
EndProject
Global
	GlobalSection(SolutionConfigurationPlatforms) = preSolution
		Debug|Any CPU = Debug|Any CPU
		Release|Any CPU = Release|Any CPU
	EndGlobalSection
	GlobalSection(ProjectConfigurationPlatforms) = postSolution
		{EC4FF026-DAB9-48F7-A895-6FDDBC3F6E8A}.Debug|Any CPU.ActiveCfg = Debug|Any CPU
		{EC4FF026-DAB9-48F7-A895-6FDDBC3F6E8A}.Debug|Any CPU.Build.0 = Debug|Any CPU
		{EC4FF026-DAB9-48F7-A895-6FDDBC3F6E8A}.Release|Any CPU.ActiveCfg = Release|Any CPU
		{EC4FF026-DAB9-48F7-A895-6FDDBC3F6E8A}.Release|Any CPU.Build.0 = Release|Any CPU
		{821B8C3A-3F3C-4E96-8875-507439A6AEDE}.Debug|Any CPU.ActiveCfg = Debug|Any CPU
		{821B8C3A-3F3C-4E96-8875-507439A6AEDE}.Debug|Any CPU.Build.0 = Debug|Any CPU
		{821B8C3A-3F3C-4E96-8875-507439A6AEDE}.Release|Any CPU.ActiveCfg = Release|Any CPU
		{821B8C3A-3F3C-4E96-8875-507439A6AEDE}.Release|Any CPU.Build.0 = Release|Any CPU
		{9FD5EFEB-C47D-457F-9C44-7CEF62F95AB9}.Debug|Any CPU.ActiveCfg = Debug|Any CPU
		{9FD5EFEB-C47D-457F-9C44-7CEF62F95AB9}.Debug|Any CPU.Build.0 = Debug|Any CPU
		{9FD5EFEB-C47D-457F-9C44-7CEF62F95AB9}.Release|Any CPU.ActiveCfg = Release|Any CPU
		{9FD5EFEB-C47D-457F-9C44-7CEF62F95AB9}.Release|Any CPU.Build.0 = Release|Any CPU
	EndGlobalSection
	GlobalSection(SolutionProperties) = preSolution
		HideSolutionNode = FALSE
	EndGlobalSection
	GlobalSection(NestedProjects) = preSolution
		{EC4FF026-DAB9-48F7-A895-6FDDBC3F6E8A} = {DF92D355-F8BF-4BF0-8910-E15FA336AC98}
		{821B8C3A-3F3C-4E96-8875-507439A6AEDE} = {DF92D355-F8BF-4BF0-8910-E15FA336AC98}
		{9FD5EFEB-C47D-457F-9C44-7CEF62F95AB9} = {DF92D355-F8BF-4BF0-8910-E15FA336AC98}
	EndGlobalSection
	GlobalSection(ExtensibilityGlobals) = postSolution
		SolutionGuid = {1479EE2F-45A9-441F-8190-33F9BC873B11}
	EndGlobalSection
EndGlobal
