
Microsoft Visual Studio Solution File, Format Version 12.00
# Visual Studio Version 17
VisualStudioVersion = 17.5.002.0
MinimumVisualStudioVersion = 10.0.40219.1
Project("{2150E333-8FDC-42A3-9474-1A3956D46DE8}") = "Section02-Class", "Section02-Class", "{E354DA7B-0D1D-4D63-AB20-F4EE6C54990B}"
EndProject
Project("{9A19103F-16F7-4668-BE54-9A1E7A4F7556}") = "Section2ClassOOP", "Section02-Class\CMS\Section2ClassOOP.csproj", "{629C0458-36B6-4E88-BB32-DAC76E3D9D32}"
EndProject
Project("{2150E333-8FDC-42A3-9474-1A3956D46DE8}") = "Assignment1Solution", "Assignment1Solution", "{ADB3EE37-F9BC-4217-867D-987DFF1A9F65}"
EndProject
Project("{9A19103F-16F7-4668-BE54-9A1E7A4F7556}") = "CMS.Application", "Section02-Class\Assignment1Solution\CMS.Application\CMS.Application.csproj", "{6D0E41A3-AE86-4A53-A7A6-ECF40713EEDA}"
EndProject
Project("{9A19103F-16F7-4668-BE54-9A1E7A4F7556}") = "CMS.UI.Models", "Section02-Class\Assignment1Solution\CMS.UI.Models\CMS.UI.Models.csproj", "{65333A83-E886-400F-B63E-85539BDF2AD2}"
EndProject
Project("{2150E333-8FDC-42A3-9474-1A3956D46DE8}") = "CMS", "CMS", "{D6C5BE9C-007A-417C-8851-311B985C0F2A}"
EndProject
Project("{9A19103F-16F7-4668-BE54-9A1E7A4F7556}") = "CMS.Application", "Section02-Class\CMS\CMS.Application\CMS.Application.csproj", "{D7491CA2-5128-45DF-89B0-1627EE580B95}"
EndProject
Project("{9A19103F-16F7-4668-BE54-9A1E7A4F7556}") = "CMS.UI.Models", "Section02-Class\CMS\CMS.UI.Models\CMS.UI.Models.csproj", "{884E3352-2766-4C2A-B98B-D3A2A8593BDE}"
EndProject
Project("{2150E333-8FDC-42A3-9474-1A3956D46DE8}") = "Section03-ClassFields", "Section03-ClassFields", "{2663F5DC-E5BE-45F0-92C3-09409EE44863}"
EndProject
Project("{2150E333-8FDC-42A3-9474-1A3956D46DE8}") = "Assignment1Solution", "Assignment1Solution", "{CEFE5F0D-8098-4C9E-A1E5-DAE90B6BDD83}"
EndProject
Project("{9A19103F-16F7-4668-BE54-9A1E7A4F7556}") = "CMS.Application", "Section03-ClassFields\Assignment1Solution\CMS.Application\CMS.Application.csproj", "{62DE6120-BA17-43D5-A3B8-821683F4AA19}"
EndProject
Project("{9A19103F-16F7-4668-BE54-9A1E7A4F7556}") = "CMS.UI.Models", "Section03-ClassFields\Assignment1Solution\CMS.UI.Models\CMS.UI.Models.csproj", "{AC317D0A-3EF0-48C9-B296-097CCF97D801}"
EndProject
Project("{2150E333-8FDC-42A3-9474-1A3956D46DE8}") = "CMS", "CMS", "{14A2D188-4DEB-4543-81AB-BC8C1BE34A39}"
EndProject
Project("{9A19103F-16F7-4668-BE54-9A1E7A4F7556}") = "CMS.Application", "Section03-ClassFields\CMS\CMS.Application\CMS.Application.csproj", "{06CB864A-5477-4F87-A7F0-E7245E7B76BB}"
EndProject
Project("{9A19103F-16F7-4668-BE54-9A1E7A4F7556}") = "CMS.UI.Models", "Section03-ClassFields\CMS\CMS.UI.Models\CMS.UI.Models.csproj", "{95DEC960-C489-4AF8-9D57-954A238CDC41}"
EndProject
Project("{2150E333-8FDC-42A3-9474-1A3956D46DE8}") = "Section04-ClassMethods", "Section04-ClassMethods", "{3B9CBABD-52D2-4C9A-937C-8C4B46B3492E}"
EndProject
Project("{2150E333-8FDC-42A3-9474-1A3956D46DE8}") = "Assignment1Solution", "Assignment1Solution", "{4270E2F4-73F7-4BF0-9C07-5718A9DA1C8C}"
EndProject
Project("{9A19103F-16F7-4668-BE54-9A1E7A4F7556}") = "CMS.Application", "Section04-ClassMethods\Assignment1Solution\CMS.Application\CMS.Application.csproj", "{1DBB040F-10D7-4E77-8348-0BEADD5EA1D9}"
EndProject
Project("{9A19103F-16F7-4668-BE54-9A1E7A4F7556}") = "CMS.UI.Display", "Section04-ClassMethods\Assignment1Solution\CMS.UI.Display\CMS.UI.Display.csproj", "{04F1E6A8-E17D-4601-8CE5-CBF063DDF84B}"
EndProject
Project("{9A19103F-16F7-4668-BE54-9A1E7A4F7556}") = "CMS.UI.Models", "Section04-ClassMethods\Assignment1Solution\CMS.UI.Models\CMS.UI.Models.csproj", "{10C61E6A-6231-4F16-91A0-E34D9D81BA6F}"
EndProject
Project("{2150E333-8FDC-42A3-9474-1A3956D46DE8}") = "CMS", "CMS", "{91CEB0E6-C186-4F89-BA68-3D93D92E78E5}"
EndProject
Project("{9A19103F-16F7-4668-BE54-9A1E7A4F7556}") = "CMS.Application", "Section04-ClassMethods\CMS\CMS.Application\CMS.Application.csproj", "{9DDC1613-D610-40BC-8E63-B0A6921F26D0}"
EndProject
Project("{9A19103F-16F7-4668-BE54-9A1E7A4F7556}") = "CMS.UI.Display", "Section04-ClassMethods\CMS\CMS.UI.Display\CMS.UI.Display.csproj", "{F97E5490-3D49-4BC3-B766-22A8E9E42CB1}"
EndProject
Project("{9A19103F-16F7-4668-BE54-9A1E7A4F7556}") = "CMS.UI.Models", "Section04-ClassMethods\CMS\CMS.UI.Models\CMS.UI.Models.csproj", "{2EA2ACFC-0773-4C86-8EEB-2849DCA3B545}"
EndProject
Project("{2150E333-8FDC-42A3-9474-1A3956D46DE8}") = "Section05-Interface", "Section05-Interface", "{5C3DD811-4491-4874-BBCC-05F4DC1D86BF}"
EndProject
Project("{2150E333-8FDC-42A3-9474-1A3956D46DE8}") = "Assignment1Solution", "Assignment1Solution", "{C7ACCC8C-CF28-4424-977A-FD049E650D6C}"
EndProject
Project("{9A19103F-16F7-4668-BE54-9A1E7A4F7556}") = "CMS.Application", "Section05-Interface\Assignment1Solution\CMS.Application\CMS.Application.csproj", "{9887B4D0-C795-41BA-B06D-6CA370E162A3}"
EndProject
Project("{9A19103F-16F7-4668-BE54-9A1E7A4F7556}") = "CMS.UI.Display", "Section05-Interface\Assignment1Solution\CMS.UI.Display\CMS.UI.Display.csproj", "{0C3FA9B2-6BA5-4B3F-B5EB-E71419B2AE78}"
EndProject
Project("{9A19103F-16F7-4668-BE54-9A1E7A4F7556}") = "CMS.UI.Models", "Section05-Interface\Assignment1Solution\CMS.UI.Models\CMS.UI.Models.csproj", "{09A3EF2C-C559-46A7-9314-99CF6BEFEEC6}"
EndProject
Project("{2150E333-8FDC-42A3-9474-1A3956D46DE8}") = "CMS", "CMS", "{A60B7FF3-2F0E-46A9-9E4C-94A998761256}"
EndProject
Project("{9A19103F-16F7-4668-BE54-9A1E7A4F7556}") = "CMS.Application", "Section05-Interface\CMS\CMS.Application\CMS.Application.csproj", "{5D959CDA-7B02-4BB2-82AD-F97EFAA50EF4}"
EndProject
Project("{9A19103F-16F7-4668-BE54-9A1E7A4F7556}") = "CMS.UI.Display", "Section05-Interface\CMS\CMS.UI.Display\CMS.UI.Display.csproj", "{D1E3DA18-A483-4E45-A9A0-04F3377E630F}"
EndProject
Project("{9A19103F-16F7-4668-BE54-9A1E7A4F7556}") = "CMS.UI.Models", "Section05-Interface\CMS\CMS.UI.Models\CMS.UI.Models.csproj", "{6EB4527C-CDA6-43FE-B8F4-FD30AE668EF5}"
EndProject
Project("{2150E333-8FDC-42A3-9474-1A3956D46DE8}") = "Section06-Inheritance", "Section06-Inheritance", "{5AF53C88-FE74-4D80-8CBC-BA5DB1E9F6BE}"
EndProject
Project("{2150E333-8FDC-42A3-9474-1A3956D46DE8}") = "Assignment1Solution", "Assignment1Solution", "{4DE745A5-BA7B-4D54-975B-3BA9CD3CE357}"
EndProject
Project("{9A19103F-16F7-4668-BE54-9A1E7A4F7556}") = "CMS.Application", "Section06-Inheritance\Assignment1Solution\CMS.Application\CMS.Application.csproj", "{69D5A8C2-EE38-4E0E-B447-97D65F628B93}"
EndProject
Project("{9A19103F-16F7-4668-BE54-9A1E7A4F7556}") = "CMS.UI.Display", "Section06-Inheritance\Assignment1Solution\CMS.UI.Display\CMS.UI.Display.csproj", "{CE7ACBD9-9E98-4FD8-9B55-4D988AA6270F}"
EndProject
Project("{9A19103F-16F7-4668-BE54-9A1E7A4F7556}") = "CMS.UI.Models", "Section06-Inheritance\Assignment1Solution\CMS.UI.Models\CMS.UI.Models.csproj", "{873C3115-5B73-4B54-B5B3-F1AD06619F54}"
EndProject
Project("{2150E333-8FDC-42A3-9474-1A3956D46DE8}") = "CMS", "CMS", "{BEB1B97E-FE6C-48BB-A016-99A3FC7A55F0}"
EndProject
Project("{9A19103F-16F7-4668-BE54-9A1E7A4F7556}") = "CMS.Application", "Section06-Inheritance\CMS\CMS.Application\CMS.Application.csproj", "{654D4E1D-F487-48BD-AE71-50557A1F16B5}"
EndProject
Project("{9A19103F-16F7-4668-BE54-9A1E7A4F7556}") = "CMS.UI.Display", "Section06-Inheritance\CMS\CMS.UI.Display\CMS.UI.Display.csproj", "{CFCDEA1D-F22D-4640-B9F6-A111569C396D}"
EndProject
Project("{9A19103F-16F7-4668-BE54-9A1E7A4F7556}") = "CMS.UI.Models", "Section06-Inheritance\CMS\CMS.UI.Models\CMS.UI.Models.csproj", "{4E4F1B39-1050-4221-A576-7642BDE378D6}"
EndProject
Project("{2150E333-8FDC-42A3-9474-1A3956D46DE8}") = "Section07-Polymorphism", "Section07-Polymorphism", "{5C2ACD1E-C7C6-4AB1-88BC-F2C0F08FC3CE}"
EndProject
Project("{2150E333-8FDC-42A3-9474-1A3956D46DE8}") = "Assignment1Solution", "Assignment1Solution", "{9E6599A5-43CE-4C8D-9070-B7ADDC0B1CB0}"
EndProject
Project("{9A19103F-16F7-4668-BE54-9A1E7A4F7556}") = "CMS.Application", "Section07-Polymorphism\Assignment1Solution\CMS.Application\CMS.Application.csproj", "{88AFC1CC-2371-4A16-B615-7B585376E187}"
EndProject
Project("{9A19103F-16F7-4668-BE54-9A1E7A4F7556}") = "CMS.UI.Display", "Section07-Polymorphism\Assignment1Solution\CMS.UI.Display\CMS.UI.Display.csproj", "{B699466E-5460-422B-A5CD-F8987DBCA76F}"
EndProject
Project("{9A19103F-16F7-4668-BE54-9A1E7A4F7556}") = "CMS.UI.Models", "Section07-Polymorphism\Assignment1Solution\CMS.UI.Models\CMS.UI.Models.csproj", "{4E3B1632-43E2-4BEC-BD7D-6C833ADF0CC3}"
EndProject
Project("{2150E333-8FDC-42A3-9474-1A3956D46DE8}") = "CMS", "CMS", "{CB373F01-F95F-46F7-A470-DF672820793C}"
EndProject
Project("{9A19103F-16F7-4668-BE54-9A1E7A4F7556}") = "CMS.Application", "Section07-Polymorphism\CMS\CMS.Application\CMS.Application.csproj", "{9469BB50-8D33-4295-A3AD-A05198705D0A}"
EndProject
Project("{9A19103F-16F7-4668-BE54-9A1E7A4F7556}") = "CMS.UI.Display", "Section07-Polymorphism\CMS\CMS.UI.Display\CMS.UI.Display.csproj", "{F9B1DA23-5FB6-4855-B5C8-3E3EE9253BCA}"
EndProject
Project("{9A19103F-16F7-4668-BE54-9A1E7A4F7556}") = "CMS.UI.Models", "Section07-Polymorphism\CMS\CMS.UI.Models\CMS.UI.Models.csproj", "{CE70D3AD-D3BA-45C6-BF85-4BC5C6C381AE}"
EndProject
Global
	GlobalSection(SolutionConfigurationPlatforms) = preSolution
		Debug|Any CPU = Debug|Any CPU
		Release|Any CPU = Release|Any CPU
	EndGlobalSection
	GlobalSection(ProjectConfigurationPlatforms) = postSolution
		{629C0458-36B6-4E88-BB32-DAC76E3D9D32}.Debug|Any CPU.ActiveCfg = Debug|Any CPU
		{629C0458-36B6-4E88-BB32-DAC76E3D9D32}.Debug|Any CPU.Build.0 = Debug|Any CPU
		{629C0458-36B6-4E88-BB32-DAC76E3D9D32}.Release|Any CPU.ActiveCfg = Release|Any CPU
		{629C0458-36B6-4E88-BB32-DAC76E3D9D32}.Release|Any CPU.Build.0 = Release|Any CPU
		{6D0E41A3-AE86-4A53-A7A6-ECF40713EEDA}.Debug|Any CPU.ActiveCfg = Debug|Any CPU
		{6D0E41A3-AE86-4A53-A7A6-ECF40713EEDA}.Debug|Any CPU.Build.0 = Debug|Any CPU
		{6D0E41A3-AE86-4A53-A7A6-ECF40713EEDA}.Release|Any CPU.ActiveCfg = Release|Any CPU
		{6D0E41A3-AE86-4A53-A7A6-ECF40713EEDA}.Release|Any CPU.Build.0 = Release|Any CPU
		{65333A83-E886-400F-B63E-85539BDF2AD2}.Debug|Any CPU.ActiveCfg = Debug|Any CPU
		{65333A83-E886-400F-B63E-85539BDF2AD2}.Debug|Any CPU.Build.0 = Debug|Any CPU
		{65333A83-E886-400F-B63E-85539BDF2AD2}.Release|Any CPU.ActiveCfg = Release|Any CPU
		{65333A83-E886-400F-B63E-85539BDF2AD2}.Release|Any CPU.Build.0 = Release|Any CPU
		{D7491CA2-5128-45DF-89B0-1627EE580B95}.Debug|Any CPU.ActiveCfg = Debug|Any CPU
		{D7491CA2-5128-45DF-89B0-1627EE580B95}.Debug|Any CPU.Build.0 = Debug|Any CPU
		{D7491CA2-5128-45DF-89B0-1627EE580B95}.Release|Any CPU.ActiveCfg = Release|Any CPU
		{D7491CA2-5128-45DF-89B0-1627EE580B95}.Release|Any CPU.Build.0 = Release|Any CPU
		{884E3352-2766-4C2A-B98B-D3A2A8593BDE}.Debug|Any CPU.ActiveCfg = Debug|Any CPU
		{884E3352-2766-4C2A-B98B-D3A2A8593BDE}.Debug|Any CPU.Build.0 = Debug|Any CPU
		{884E3352-2766-4C2A-B98B-D3A2A8593BDE}.Release|Any CPU.ActiveCfg = Release|Any CPU
		{884E3352-2766-4C2A-B98B-D3A2A8593BDE}.Release|Any CPU.Build.0 = Release|Any CPU
		{62DE6120-BA17-43D5-A3B8-821683F4AA19}.Debug|Any CPU.ActiveCfg = Debug|Any CPU
		{62DE6120-BA17-43D5-A3B8-821683F4AA19}.Debug|Any CPU.Build.0 = Debug|Any CPU
		{62DE6120-BA17-43D5-A3B8-821683F4AA19}.Release|Any CPU.ActiveCfg = Release|Any CPU
		{62DE6120-BA17-43D5-A3B8-821683F4AA19}.Release|Any CPU.Build.0 = Release|Any CPU
		{AC317D0A-3EF0-48C9-B296-097CCF97D801}.Debug|Any CPU.ActiveCfg = Debug|Any CPU
		{AC317D0A-3EF0-48C9-B296-097CCF97D801}.Debug|Any CPU.Build.0 = Debug|Any CPU
		{AC317D0A-3EF0-48C9-B296-097CCF97D801}.Release|Any CPU.ActiveCfg = Release|Any CPU
		{AC317D0A-3EF0-48C9-B296-097CCF97D801}.Release|Any CPU.Build.0 = Release|Any CPU
		{06CB864A-5477-4F87-A7F0-E7245E7B76BB}.Debug|Any CPU.ActiveCfg = Debug|Any CPU
		{06CB864A-5477-4F87-A7F0-E7245E7B76BB}.Debug|Any CPU.Build.0 = Debug|Any CPU
		{06CB864A-5477-4F87-A7F0-E7245E7B76BB}.Release|Any CPU.ActiveCfg = Release|Any CPU
		{06CB864A-5477-4F87-A7F0-E7245E7B76BB}.Release|Any CPU.Build.0 = Release|Any CPU
		{95DEC960-C489-4AF8-9D57-954A238CDC41}.Debug|Any CPU.ActiveCfg = Debug|Any CPU
		{95DEC960-C489-4AF8-9D57-954A238CDC41}.Debug|Any CPU.Build.0 = Debug|Any CPU
		{95DEC960-C489-4AF8-9D57-954A238CDC41}.Release|Any CPU.ActiveCfg = Release|Any CPU
		{95DEC960-C489-4AF8-9D57-954A238CDC41}.Release|Any CPU.Build.0 = Release|Any CPU
		{1DBB040F-10D7-4E77-8348-0BEADD5EA1D9}.Debug|Any CPU.ActiveCfg = Debug|Any CPU
		{1DBB040F-10D7-4E77-8348-0BEADD5EA1D9}.Debug|Any CPU.Build.0 = Debug|Any CPU
		{1DBB040F-10D7-4E77-8348-0BEADD5EA1D9}.Release|Any CPU.ActiveCfg = Release|Any CPU
		{1DBB040F-10D7-4E77-8348-0BEADD5EA1D9}.Release|Any CPU.Build.0 = Release|Any CPU
		{04F1E6A8-E17D-4601-8CE5-CBF063DDF84B}.Debug|Any CPU.ActiveCfg = Debug|Any CPU
		{04F1E6A8-E17D-4601-8CE5-CBF063DDF84B}.Debug|Any CPU.Build.0 = Debug|Any CPU
		{04F1E6A8-E17D-4601-8CE5-CBF063DDF84B}.Release|Any CPU.ActiveCfg = Release|Any CPU
		{04F1E6A8-E17D-4601-8CE5-CBF063DDF84B}.Release|Any CPU.Build.0 = Release|Any CPU
		{10C61E6A-6231-4F16-91A0-E34D9D81BA6F}.Debug|Any CPU.ActiveCfg = Debug|Any CPU
		{10C61E6A-6231-4F16-91A0-E34D9D81BA6F}.Debug|Any CPU.Build.0 = Debug|Any CPU
		{10C61E6A-6231-4F16-91A0-E34D9D81BA6F}.Release|Any CPU.ActiveCfg = Release|Any CPU
		{10C61E6A-6231-4F16-91A0-E34D9D81BA6F}.Release|Any CPU.Build.0 = Release|Any CPU
		{9DDC1613-D610-40BC-8E63-B0A6921F26D0}.Debug|Any CPU.ActiveCfg = Debug|Any CPU
		{9DDC1613-D610-40BC-8E63-B0A6921F26D0}.Debug|Any CPU.Build.0 = Debug|Any CPU
		{9DDC1613-D610-40BC-8E63-B0A6921F26D0}.Release|Any CPU.ActiveCfg = Release|Any CPU
		{9DDC1613-D610-40BC-8E63-B0A6921F26D0}.Release|Any CPU.Build.0 = Release|Any CPU
		{F97E5490-3D49-4BC3-B766-22A8E9E42CB1}.Debug|Any CPU.ActiveCfg = Debug|Any CPU
		{F97E5490-3D49-4BC3-B766-22A8E9E42CB1}.Debug|Any CPU.Build.0 = Debug|Any CPU
		{F97E5490-3D49-4BC3-B766-22A8E9E42CB1}.Release|Any CPU.ActiveCfg = Release|Any CPU
		{F97E5490-3D49-4BC3-B766-22A8E9E42CB1}.Release|Any CPU.Build.0 = Release|Any CPU
		{2EA2ACFC-0773-4C86-8EEB-2849DCA3B545}.Debug|Any CPU.ActiveCfg = Debug|Any CPU
		{2EA2ACFC-0773-4C86-8EEB-2849DCA3B545}.Debug|Any CPU.Build.0 = Debug|Any CPU
		{2EA2ACFC-0773-4C86-8EEB-2849DCA3B545}.Release|Any CPU.ActiveCfg = Release|Any CPU
		{2EA2ACFC-0773-4C86-8EEB-2849DCA3B545}.Release|Any CPU.Build.0 = Release|Any CPU
		{9887B4D0-C795-41BA-B06D-6CA370E162A3}.Debug|Any CPU.ActiveCfg = Debug|Any CPU
		{9887B4D0-C795-41BA-B06D-6CA370E162A3}.Debug|Any CPU.Build.0 = Debug|Any CPU
		{9887B4D0-C795-41BA-B06D-6CA370E162A3}.Release|Any CPU.ActiveCfg = Release|Any CPU
		{9887B4D0-C795-41BA-B06D-6CA370E162A3}.Release|Any CPU.Build.0 = Release|Any CPU
		{0C3FA9B2-6BA5-4B3F-B5EB-E71419B2AE78}.Debug|Any CPU.ActiveCfg = Debug|Any CPU
		{0C3FA9B2-6BA5-4B3F-B5EB-E71419B2AE78}.Debug|Any CPU.Build.0 = Debug|Any CPU
		{0C3FA9B2-6BA5-4B3F-B5EB-E71419B2AE78}.Release|Any CPU.ActiveCfg = Release|Any CPU
		{0C3FA9B2-6BA5-4B3F-B5EB-E71419B2AE78}.Release|Any CPU.Build.0 = Release|Any CPU
		{09A3EF2C-C559-46A7-9314-99CF6BEFEEC6}.Debug|Any CPU.ActiveCfg = Debug|Any CPU
		{09A3EF2C-C559-46A7-9314-99CF6BEFEEC6}.Debug|Any CPU.Build.0 = Debug|Any CPU
		{09A3EF2C-C559-46A7-9314-99CF6BEFEEC6}.Release|Any CPU.ActiveCfg = Release|Any CPU
		{09A3EF2C-C559-46A7-9314-99CF6BEFEEC6}.Release|Any CPU.Build.0 = Release|Any CPU
		{5D959CDA-7B02-4BB2-82AD-F97EFAA50EF4}.Debug|Any CPU.ActiveCfg = Debug|Any CPU
		{5D959CDA-7B02-4BB2-82AD-F97EFAA50EF4}.Debug|Any CPU.Build.0 = Debug|Any CPU
		{5D959CDA-7B02-4BB2-82AD-F97EFAA50EF4}.Release|Any CPU.ActiveCfg = Release|Any CPU
		{5D959CDA-7B02-4BB2-82AD-F97EFAA50EF4}.Release|Any CPU.Build.0 = Release|Any CPU
		{D1E3DA18-A483-4E45-A9A0-04F3377E630F}.Debug|Any CPU.ActiveCfg = Debug|Any CPU
		{D1E3DA18-A483-4E45-A9A0-04F3377E630F}.Debug|Any CPU.Build.0 = Debug|Any CPU
		{D1E3DA18-A483-4E45-A9A0-04F3377E630F}.Release|Any CPU.ActiveCfg = Release|Any CPU
		{D1E3DA18-A483-4E45-A9A0-04F3377E630F}.Release|Any CPU.Build.0 = Release|Any CPU
		{6EB4527C-CDA6-43FE-B8F4-FD30AE668EF5}.Debug|Any CPU.ActiveCfg = Debug|Any CPU
		{6EB4527C-CDA6-43FE-B8F4-FD30AE668EF5}.Debug|Any CPU.Build.0 = Debug|Any CPU
		{6EB4527C-CDA6-43FE-B8F4-FD30AE668EF5}.Release|Any CPU.ActiveCfg = Release|Any CPU
		{6EB4527C-CDA6-43FE-B8F4-FD30AE668EF5}.Release|Any CPU.Build.0 = Release|Any CPU
		{69D5A8C2-EE38-4E0E-B447-97D65F628B93}.Debug|Any CPU.ActiveCfg = Debug|Any CPU
		{69D5A8C2-EE38-4E0E-B447-97D65F628B93}.Debug|Any CPU.Build.0 = Debug|Any CPU
		{69D5A8C2-EE38-4E0E-B447-97D65F628B93}.Release|Any CPU.ActiveCfg = Release|Any CPU
		{69D5A8C2-EE38-4E0E-B447-97D65F628B93}.Release|Any CPU.Build.0 = Release|Any CPU
		{CE7ACBD9-9E98-4FD8-9B55-4D988AA6270F}.Debug|Any CPU.ActiveCfg = Debug|Any CPU
		{CE7ACBD9-9E98-4FD8-9B55-4D988AA6270F}.Debug|Any CPU.Build.0 = Debug|Any CPU
		{CE7ACBD9-9E98-4FD8-9B55-4D988AA6270F}.Release|Any CPU.ActiveCfg = Release|Any CPU
		{CE7ACBD9-9E98-4FD8-9B55-4D988AA6270F}.Release|Any CPU.Build.0 = Release|Any CPU
		{873C3115-5B73-4B54-B5B3-F1AD06619F54}.Debug|Any CPU.ActiveCfg = Debug|Any CPU
		{873C3115-5B73-4B54-B5B3-F1AD06619F54}.Debug|Any CPU.Build.0 = Debug|Any CPU
		{873C3115-5B73-4B54-B5B3-F1AD06619F54}.Release|Any CPU.ActiveCfg = Release|Any CPU
		{873C3115-5B73-4B54-B5B3-F1AD06619F54}.Release|Any CPU.Build.0 = Release|Any CPU
		{654D4E1D-F487-48BD-AE71-50557A1F16B5}.Debug|Any CPU.ActiveCfg = Debug|Any CPU
		{654D4E1D-F487-48BD-AE71-50557A1F16B5}.Debug|Any CPU.Build.0 = Debug|Any CPU
		{654D4E1D-F487-48BD-AE71-50557A1F16B5}.Release|Any CPU.ActiveCfg = Release|Any CPU
		{654D4E1D-F487-48BD-AE71-50557A1F16B5}.Release|Any CPU.Build.0 = Release|Any CPU
		{CFCDEA1D-F22D-4640-B9F6-A111569C396D}.Debug|Any CPU.ActiveCfg = Debug|Any CPU
		{CFCDEA1D-F22D-4640-B9F6-A111569C396D}.Debug|Any CPU.Build.0 = Debug|Any CPU
		{CFCDEA1D-F22D-4640-B9F6-A111569C396D}.Release|Any CPU.ActiveCfg = Release|Any CPU
		{CFCDEA1D-F22D-4640-B9F6-A111569C396D}.Release|Any CPU.Build.0 = Release|Any CPU
		{4E4F1B39-1050-4221-A576-7642BDE378D6}.Debug|Any CPU.ActiveCfg = Debug|Any CPU
		{4E4F1B39-1050-4221-A576-7642BDE378D6}.Debug|Any CPU.Build.0 = Debug|Any CPU
		{4E4F1B39-1050-4221-A576-7642BDE378D6}.Release|Any CPU.ActiveCfg = Release|Any CPU
		{4E4F1B39-1050-4221-A576-7642BDE378D6}.Release|Any CPU.Build.0 = Release|Any CPU
		{88AFC1CC-2371-4A16-B615-7B585376E187}.Debug|Any CPU.ActiveCfg = Debug|Any CPU
		{88AFC1CC-2371-4A16-B615-7B585376E187}.Debug|Any CPU.Build.0 = Debug|Any CPU
		{88AFC1CC-2371-4A16-B615-7B585376E187}.Release|Any CPU.ActiveCfg = Release|Any CPU
		{88AFC1CC-2371-4A16-B615-7B585376E187}.Release|Any CPU.Build.0 = Release|Any CPU
		{B699466E-5460-422B-A5CD-F8987DBCA76F}.Debug|Any CPU.ActiveCfg = Debug|Any CPU
		{B699466E-5460-422B-A5CD-F8987DBCA76F}.Debug|Any CPU.Build.0 = Debug|Any CPU
		{B699466E-5460-422B-A5CD-F8987DBCA76F}.Release|Any CPU.ActiveCfg = Release|Any CPU
		{B699466E-5460-422B-A5CD-F8987DBCA76F}.Release|Any CPU.Build.0 = Release|Any CPU
		{4E3B1632-43E2-4BEC-BD7D-6C833ADF0CC3}.Debug|Any CPU.ActiveCfg = Debug|Any CPU
		{4E3B1632-43E2-4BEC-BD7D-6C833ADF0CC3}.Debug|Any CPU.Build.0 = Debug|Any CPU
		{4E3B1632-43E2-4BEC-BD7D-6C833ADF0CC3}.Release|Any CPU.ActiveCfg = Release|Any CPU
		{4E3B1632-43E2-4BEC-BD7D-6C833ADF0CC3}.Release|Any CPU.Build.0 = Release|Any CPU
		{9469BB50-8D33-4295-A3AD-A05198705D0A}.Debug|Any CPU.ActiveCfg = Debug|Any CPU
		{9469BB50-8D33-4295-A3AD-A05198705D0A}.Debug|Any CPU.Build.0 = Debug|Any CPU
		{9469BB50-8D33-4295-A3AD-A05198705D0A}.Release|Any CPU.ActiveCfg = Release|Any CPU
		{9469BB50-8D33-4295-A3AD-A05198705D0A}.Release|Any CPU.Build.0 = Release|Any CPU
		{F9B1DA23-5FB6-4855-B5C8-3E3EE9253BCA}.Debug|Any CPU.ActiveCfg = Debug|Any CPU
		{F9B1DA23-5FB6-4855-B5C8-3E3EE9253BCA}.Debug|Any CPU.Build.0 = Debug|Any CPU
		{F9B1DA23-5FB6-4855-B5C8-3E3EE9253BCA}.Release|Any CPU.ActiveCfg = Release|Any CPU
		{F9B1DA23-5FB6-4855-B5C8-3E3EE9253BCA}.Release|Any CPU.Build.0 = Release|Any CPU
		{CE70D3AD-D3BA-45C6-BF85-4BC5C6C381AE}.Debug|Any CPU.ActiveCfg = Debug|Any CPU
		{CE70D3AD-D3BA-45C6-BF85-4BC5C6C381AE}.Debug|Any CPU.Build.0 = Debug|Any CPU
		{CE70D3AD-D3BA-45C6-BF85-4BC5C6C381AE}.Release|Any CPU.ActiveCfg = Release|Any CPU
		{CE70D3AD-D3BA-45C6-BF85-4BC5C6C381AE}.Release|Any CPU.Build.0 = Release|Any CPU
	EndGlobalSection
	GlobalSection(SolutionProperties) = preSolution
		HideSolutionNode = FALSE
	EndGlobalSection
	GlobalSection(NestedProjects) = preSolution
		{629C0458-36B6-4E88-BB32-DAC76E3D9D32} = {E354DA7B-0D1D-4D63-AB20-F4EE6C54990B}
		{ADB3EE37-F9BC-4217-867D-987DFF1A9F65} = {E354DA7B-0D1D-4D63-AB20-F4EE6C54990B}
		{6D0E41A3-AE86-4A53-A7A6-ECF40713EEDA} = {ADB3EE37-F9BC-4217-867D-987DFF1A9F65}
		{65333A83-E886-400F-B63E-85539BDF2AD2} = {ADB3EE37-F9BC-4217-867D-987DFF1A9F65}
		{D6C5BE9C-007A-417C-8851-311B985C0F2A} = {E354DA7B-0D1D-4D63-AB20-F4EE6C54990B}
		{D7491CA2-5128-45DF-89B0-1627EE580B95} = {D6C5BE9C-007A-417C-8851-311B985C0F2A}
		{884E3352-2766-4C2A-B98B-D3A2A8593BDE} = {D6C5BE9C-007A-417C-8851-311B985C0F2A}
		{CEFE5F0D-8098-4C9E-A1E5-DAE90B6BDD83} = {2663F5DC-E5BE-45F0-92C3-09409EE44863}
		{62DE6120-BA17-43D5-A3B8-821683F4AA19} = {CEFE5F0D-8098-4C9E-A1E5-DAE90B6BDD83}
		{AC317D0A-3EF0-48C9-B296-097CCF97D801} = {CEFE5F0D-8098-4C9E-A1E5-DAE90B6BDD83}
		{14A2D188-4DEB-4543-81AB-BC8C1BE34A39} = {2663F5DC-E5BE-45F0-92C3-09409EE44863}
		{06CB864A-5477-4F87-A7F0-E7245E7B76BB} = {14A2D188-4DEB-4543-81AB-BC8C1BE34A39}
		{95DEC960-C489-4AF8-9D57-954A238CDC41} = {14A2D188-4DEB-4543-81AB-BC8C1BE34A39}
		{4270E2F4-73F7-4BF0-9C07-5718A9DA1C8C} = {3B9CBABD-52D2-4C9A-937C-8C4B46B3492E}
		{1DBB040F-10D7-4E77-8348-0BEADD5EA1D9} = {4270E2F4-73F7-4BF0-9C07-5718A9DA1C8C}
		{04F1E6A8-E17D-4601-8CE5-CBF063DDF84B} = {4270E2F4-73F7-4BF0-9C07-5718A9DA1C8C}
		{10C61E6A-6231-4F16-91A0-E34D9D81BA6F} = {4270E2F4-73F7-4BF0-9C07-5718A9DA1C8C}
		{91CEB0E6-C186-4F89-BA68-3D93D92E78E5} = {3B9CBABD-52D2-4C9A-937C-8C4B46B3492E}
		{9DDC1613-D610-40BC-8E63-B0A6921F26D0} = {91CEB0E6-C186-4F89-BA68-3D93D92E78E5}
		{F97E5490-3D49-4BC3-B766-22A8E9E42CB1} = {91CEB0E6-C186-4F89-BA68-3D93D92E78E5}
		{2EA2ACFC-0773-4C86-8EEB-2849DCA3B545} = {91CEB0E6-C186-4F89-BA68-3D93D92E78E5}
		{C7ACCC8C-CF28-4424-977A-FD049E650D6C} = {5C3DD811-4491-4874-BBCC-05F4DC1D86BF}
		{9887B4D0-C795-41BA-B06D-6CA370E162A3} = {C7ACCC8C-CF28-4424-977A-FD049E650D6C}
		{0C3FA9B2-6BA5-4B3F-B5EB-E71419B2AE78} = {C7ACCC8C-CF28-4424-977A-FD049E650D6C}
		{09A3EF2C-C559-46A7-9314-99CF6BEFEEC6} = {C7ACCC8C-CF28-4424-977A-FD049E650D6C}
		{A60B7FF3-2F0E-46A9-9E4C-94A998761256} = {5C3DD811-4491-4874-BBCC-05F4DC1D86BF}
		{5D959CDA-7B02-4BB2-82AD-F97EFAA50EF4} = {A60B7FF3-2F0E-46A9-9E4C-94A998761256}
		{D1E3DA18-A483-4E45-A9A0-04F3377E630F} = {A60B7FF3-2F0E-46A9-9E4C-94A998761256}
		{6EB4527C-CDA6-43FE-B8F4-FD30AE668EF5} = {A60B7FF3-2F0E-46A9-9E4C-94A998761256}
		{4DE745A5-BA7B-4D54-975B-3BA9CD3CE357} = {5AF53C88-FE74-4D80-8CBC-BA5DB1E9F6BE}
		{69D5A8C2-EE38-4E0E-B447-97D65F628B93} = {4DE745A5-BA7B-4D54-975B-3BA9CD3CE357}
		{CE7ACBD9-9E98-4FD8-9B55-4D988AA6270F} = {4DE745A5-BA7B-4D54-975B-3BA9CD3CE357}
		{873C3115-5B73-4B54-B5B3-F1AD06619F54} = {4DE745A5-BA7B-4D54-975B-3BA9CD3CE357}
		{BEB1B97E-FE6C-48BB-A016-99A3FC7A55F0} = {5AF53C88-FE74-4D80-8CBC-BA5DB1E9F6BE}
		{654D4E1D-F487-48BD-AE71-50557A1F16B5} = {BEB1B97E-FE6C-48BB-A016-99A3FC7A55F0}
		{CFCDEA1D-F22D-4640-B9F6-A111569C396D} = {BEB1B97E-FE6C-48BB-A016-99A3FC7A55F0}
		{4E4F1B39-1050-4221-A576-7642BDE378D6} = {BEB1B97E-FE6C-48BB-A016-99A3FC7A55F0}
		{9E6599A5-43CE-4C8D-9070-B7ADDC0B1CB0} = {5C2ACD1E-C7C6-4AB1-88BC-F2C0F08FC3CE}
		{88AFC1CC-2371-4A16-B615-7B585376E187} = {9E6599A5-43CE-4C8D-9070-B7ADDC0B1CB0}
		{B699466E-5460-422B-A5CD-F8987DBCA76F} = {9E6599A5-43CE-4C8D-9070-B7ADDC0B1CB0}
		{4E3B1632-43E2-4BEC-BD7D-6C833ADF0CC3} = {9E6599A5-43CE-4C8D-9070-B7ADDC0B1CB0}
		{CB373F01-F95F-46F7-A470-DF672820793C} = {5C2ACD1E-C7C6-4AB1-88BC-F2C0F08FC3CE}
		{9469BB50-8D33-4295-A3AD-A05198705D0A} = {CB373F01-F95F-46F7-A470-DF672820793C}
		{F9B1DA23-5FB6-4855-B5C8-3E3EE9253BCA} = {CB373F01-F95F-46F7-A470-DF672820793C}
		{CE70D3AD-D3BA-45C6-BF85-4BC5C6C381AE} = {CB373F01-F95F-46F7-A470-DF672820793C}
	EndGlobalSection
	GlobalSection(ExtensibilityGlobals) = postSolution
		SolutionGuid = {E296AEBE-D64A-44A5-AF13-7554A57B7681}
	EndGlobalSection
EndGlobal
